
Microsoft Visual Studio Solution File, Format Version 12.00
# Visual Studio Version 17
VisualStudioVersion = 17.8.34511.84
MinimumVisualStudioVersion = 10.0.40219.1
Project("{9A19103F-16F7-4668-BE54-9A1E7A4F7556}") = "OneRecord.Api.SDK", "OneRecord.Api.SDK\OneRecord.Api.SDK.csproj", "{99456FE7-DD2D-4C42-8779-743C81623ACA}"
EndProject
Project("{9A19103F-16F7-4668-BE54-9A1E7A4F7556}") = "OneRecord.Data.Model", "OneRecord.Data.Model\OneRecord.Data.Model.csproj", "{AFC500BD-38E9-4DAD-9A2C-C419EE1C6A4D}"
EndProject
Project("{9A19103F-16F7-4668-BE54-9A1E7A4F7556}") = "Tracking.Data", "Tracking.Data\Tracking.Data.csproj", "{25158000-3A93-4FB7-9F16-DC1DDA491C51}"
EndProject
Project("{9A19103F-16F7-4668-BE54-9A1E7A4F7556}") = "NeOneSync.Service", "NeOneSync.Service\NeOneSync.Service.csproj", "{883ED3DC-D903-48F5-99E1-D37EC7D5E9C2}"
EndProject
Project("{9A19103F-16F7-4668-BE54-9A1E7A4F7556}") = "Neone.ServiceClient", "Neone.ServiceClient\Neone.ServiceClient.csproj", "{A99A24AE-33B6-4EF6-9621-591DE4903158}"
EndProject
Project("{2150E333-8FDC-42A3-9474-1A3956D46DE8}") = "Documents", "Documents", "{95F8F2C6-53E5-457C-963D-F3DADCD25F79}"
	ProjectSection(SolutionItems) = preProject
		Documentation\1R Data Model - December 2023 - 3.0.0 (1).pdf = Documentation\1R Data Model - December 2023 - 3.0.0 (1).pdf
		Documentation\architecture.drawio = Documentation\architecture.drawio
		Documentation\IATA-1R-CCL-Ontology (1).ttl = Documentation\IATA-1R-CCL-Ontology (1).ttl
		Documentation\IATA-1R-DM-Ontology (1).ttl = Documentation\IATA-1R-DM-Ontology (1).ttl
		Documentation\ONE Record API Collections.postman_collection.json = Documentation\ONE Record API Collections.postman_collection.json
		Documentation\ONE-Record-API-OpenAPI.yaml = Documentation\ONE-Record-API-OpenAPI.yaml
		Documentation\reelables-api-openapi-source.json = Documentation\reelables-api-openapi-source.json
	EndProjectSection
EndProject
Project("{9A19103F-16F7-4668-BE54-9A1E7A4F7556}") = "Reelables.Api.Fake", "Reelables.Api.Fake\Reelables.Api.Fake.csproj", "{D3CE7C09-2327-4E89-801C-0A4FFD45E702}"
EndProject
Project("{9A19103F-16F7-4668-BE54-9A1E7A4F7556}") = "Tracking.Api", "Tracking.Api\Tracking.Api.csproj", "{810343EF-AF00-4FC2-86B9-0C3F555C8F98}"
EndProject
Project("{E53339B2-1760-4266-BCC7-CA923CBCF16C}") = "docker-compose", "docker-compose.dcproj", "{12893658-31D1-4333-9F1C-CE9CB3FD7F9E}"
EndProject
Project("{9A19103F-16F7-4668-BE54-9A1E7A4F7556}") = "Reelables.Api.SDK", "Reelables.Api.SDK\Reelables.Api.SDK.csproj", "{CAF4FC3E-8F03-4CFF-8252-9E32FB69084A}"
EndProject
Project("{9A19103F-16F7-4668-BE54-9A1E7A4F7556}") = "MessageContracts", "MessageContracts\MessageContracts.csproj", "{E7C2E7E2-D0F1-4FA3-8DF7-6D5C8830F671}"
EndProject
Project("{9A19103F-16F7-4668-BE54-9A1E7A4F7556}") = "DataSeeder", "DataSeeder\DataSeeder.csproj", "{676132FC-B0A9-4EE7-84B3-42E2E82AF498}"
EndProject
Global
	GlobalSection(SolutionConfigurationPlatforms) = preSolution
		Debug|Any CPU = Debug|Any CPU
		Release|Any CPU = Release|Any CPU
	EndGlobalSection
	GlobalSection(ProjectConfigurationPlatforms) = postSolution
		{99456FE7-DD2D-4C42-8779-743C81623ACA}.Debug|Any CPU.ActiveCfg = Debug|Any CPU
		{99456FE7-DD2D-4C42-8779-743C81623ACA}.Debug|Any CPU.Build.0 = Debug|Any CPU
		{99456FE7-DD2D-4C42-8779-743C81623ACA}.Release|Any CPU.ActiveCfg = Release|Any CPU
		{99456FE7-DD2D-4C42-8779-743C81623ACA}.Release|Any CPU.Build.0 = Release|Any CPU
		{AFC500BD-38E9-4DAD-9A2C-C419EE1C6A4D}.Debug|Any CPU.ActiveCfg = Debug|Any CPU
		{AFC500BD-38E9-4DAD-9A2C-C419EE1C6A4D}.Debug|Any CPU.Build.0 = Debug|Any CPU
		{AFC500BD-38E9-4DAD-9A2C-C419EE1C6A4D}.Release|Any CPU.ActiveCfg = Release|Any CPU
		{AFC500BD-38E9-4DAD-9A2C-C419EE1C6A4D}.Release|Any CPU.Build.0 = Release|Any CPU
		{25158000-3A93-4FB7-9F16-DC1DDA491C51}.Debug|Any CPU.ActiveCfg = Debug|Any CPU
		{25158000-3A93-4FB7-9F16-DC1DDA491C51}.Debug|Any CPU.Build.0 = Debug|Any CPU
		{25158000-3A93-4FB7-9F16-DC1DDA491C51}.Release|Any CPU.ActiveCfg = Release|Any CPU
		{25158000-3A93-4FB7-9F16-DC1DDA491C51}.Release|Any CPU.Build.0 = Release|Any CPU
		{883ED3DC-D903-48F5-99E1-D37EC7D5E9C2}.Debug|Any CPU.ActiveCfg = Debug|Any CPU
		{883ED3DC-D903-48F5-99E1-D37EC7D5E9C2}.Debug|Any CPU.Build.0 = Debug|Any CPU
		{883ED3DC-D903-48F5-99E1-D37EC7D5E9C2}.Release|Any CPU.ActiveCfg = Release|Any CPU
		{883ED3DC-D903-48F5-99E1-D37EC7D5E9C2}.Release|Any CPU.Build.0 = Release|Any CPU
		{A99A24AE-33B6-4EF6-9621-591DE4903158}.Debug|Any CPU.ActiveCfg = Debug|Any CPU
		{A99A24AE-33B6-4EF6-9621-591DE4903158}.Debug|Any CPU.Build.0 = Debug|Any CPU
		{A99A24AE-33B6-4EF6-9621-591DE4903158}.Release|Any CPU.ActiveCfg = Release|Any CPU
		{A99A24AE-33B6-4EF6-9621-591DE4903158}.Release|Any CPU.Build.0 = Release|Any CPU
		{D3CE7C09-2327-4E89-801C-0A4FFD45E702}.Debug|Any CPU.ActiveCfg = Debug|Any CPU
		{D3CE7C09-2327-4E89-801C-0A4FFD45E702}.Debug|Any CPU.Build.0 = Debug|Any CPU
		{D3CE7C09-2327-4E89-801C-0A4FFD45E702}.Release|Any CPU.ActiveCfg = Release|Any CPU
		{D3CE7C09-2327-4E89-801C-0A4FFD45E702}.Release|Any CPU.Build.0 = Release|Any CPU
		{810343EF-AF00-4FC2-86B9-0C3F555C8F98}.Debug|Any CPU.ActiveCfg = Debug|Any CPU
		{810343EF-AF00-4FC2-86B9-0C3F555C8F98}.Debug|Any CPU.Build.0 = Debug|Any CPU
		{810343EF-AF00-4FC2-86B9-0C3F555C8F98}.Release|Any CPU.ActiveCfg = Release|Any CPU
		{810343EF-AF00-4FC2-86B9-0C3F555C8F98}.Release|Any CPU.Build.0 = Release|Any CPU
		{12893658-31D1-4333-9F1C-CE9CB3FD7F9E}.Debug|Any CPU.ActiveCfg = Debug|Any CPU
		{12893658-31D1-4333-9F1C-CE9CB3FD7F9E}.Debug|Any CPU.Build.0 = Debug|Any CPU
		{12893658-31D1-4333-9F1C-CE9CB3FD7F9E}.Release|Any CPU.ActiveCfg = Release|Any CPU
		{12893658-31D1-4333-9F1C-CE9CB3FD7F9E}.Release|Any CPU.Build.0 = Release|Any CPU
		{CAF4FC3E-8F03-4CFF-8252-9E32FB69084A}.Debug|Any CPU.ActiveCfg = Debug|Any CPU
		{CAF4FC3E-8F03-4CFF-8252-9E32FB69084A}.Debug|Any CPU.Build.0 = Debug|Any CPU
		{CAF4FC3E-8F03-4CFF-8252-9E32FB69084A}.Release|Any CPU.ActiveCfg = Release|Any CPU
		{CAF4FC3E-8F03-4CFF-8252-9E32FB69084A}.Release|Any CPU.Build.0 = Release|Any CPU
		{E7C2E7E2-D0F1-4FA3-8DF7-6D5C8830F671}.Debug|Any CPU.ActiveCfg = Debug|Any CPU
		{E7C2E7E2-D0F1-4FA3-8DF7-6D5C8830F671}.Debug|Any CPU.Build.0 = Debug|Any CPU
		{E7C2E7E2-D0F1-4FA3-8DF7-6D5C8830F671}.Release|Any CPU.ActiveCfg = Release|Any CPU
		{E7C2E7E2-D0F1-4FA3-8DF7-6D5C8830F671}.Release|Any CPU.Build.0 = Release|Any CPU
		{676132FC-B0A9-4EE7-84B3-42E2E82AF498}.Debug|Any CPU.ActiveCfg = Debug|Any CPU
		{676132FC-B0A9-4EE7-84B3-42E2E82AF498}.Debug|Any CPU.Build.0 = Debug|Any CPU
		{676132FC-B0A9-4EE7-84B3-42E2E82AF498}.Release|Any CPU.ActiveCfg = Release|Any CPU
		{676132FC-B0A9-4EE7-84B3-42E2E82AF498}.Release|Any CPU.Build.0 = Release|Any CPU
	EndGlobalSection
	GlobalSection(SolutionProperties) = preSolution
		HideSolutionNode = FALSE
	EndGlobalSection
	GlobalSection(ExtensibilityGlobals) = postSolution
		SolutionGuid = {0F99F9C8-3BC2-4D61-84DE-3388927B86AC}
	EndGlobalSection
EndGlobal
